
Microsoft Visual Studio Solution File, Format Version 12.00
# Visual Studio Version 16
VisualStudioVersion = 25.0.1704.2
MinimumVisualStudioVersion = 10.0.40219.1
Project("{FAE04EC0-301F-11D3-BF4B-00C04F79EFBC}") = "FNM", "FNM\FNM.csproj", "{FABA223C-4F99-4E41-89DA-B176FD1915D1}"
EndProject
Project("{FAE04EC0-301F-11D3-BF4B-00C04F79EFBC}") = "test", "test\test.csproj", "{7D55E6F1-2301-4F21-A827-ECB967A9CB40}"
EndProject
Global
	GlobalSection(SolutionConfigurationPlatforms) = preSolution
		Debug|Any CPU = Debug|Any CPU
		Release|Any CPU = Release|Any CPU
	EndGlobalSection
	GlobalSection(ProjectConfigurationPlatforms) = postSolution
		{FABA223C-4F99-4E41-89DA-B176FD1915D1}.Debug|Any CPU.ActiveCfg = Debug|Any CPU
		{FABA223C-4F99-4E41-89DA-B176FD1915D1}.Debug|Any CPU.Build.0 = Debug|Any CPU
		{FABA223C-4F99-4E41-89DA-B176FD1915D1}.Release|Any CPU.ActiveCfg = Release|Any CPU
		{FABA223C-4F99-4E41-89DA-B176FD1915D1}.Release|Any CPU.Build.0 = Release|Any CPU
		{7D55E6F1-2301-4F21-A827-ECB967A9CB40}.Debug|Any CPU.ActiveCfg = Debug|Any CPU
		{7D55E6F1-2301-4F21-A827-ECB967A9CB40}.Debug|Any CPU.Build.0 = Debug|Any CPU
		{7D55E6F1-2301-4F21-A827-ECB967A9CB40}.Release|Any CPU.ActiveCfg = Release|Any CPU
		{7D55E6F1-2301-4F21-A827-ECB967A9CB40}.Release|Any CPU.Build.0 = Release|Any CPU
	EndGlobalSection
	GlobalSection(SolutionProperties) = preSolution
		HideSolutionNode = FALSE
	EndGlobalSection
	GlobalSection(ExtensibilityGlobals) = postSolution
		SolutionGuid = {6F5099F2-4846-4854-8450-80AD26844627}
	EndGlobalSection
EndGlobal
